
Microsoft Visual Studio Solution File, Format Version 12.00
# Visual Studio Version 16
VisualStudioVersion = 16.0.29911.84
MinimumVisualStudioVersion = 10.0.40219.1
Project("{FAE04EC0-301F-11D3-BF4B-00C04F79EFBC}") = "DarkModeApp.UWP", "DarkModeApp.UWP\DarkModeApp.UWP.csproj", "{344CE285-DDE4-41C0-88CB-2351B47A696B}"
EndProject
Project("{FAE04EC0-301F-11D3-BF4B-00C04F79EFBC}") = "DarkModeApp.iOS", "DarkModeApp.iOS\DarkModeApp.iOS.csproj", "{A3462AD5-CE0C-46BF-9732-67B4E69FE3D9}"
EndProject
Project("{FAE04EC0-301F-11D3-BF4B-00C04F79EFBC}") = "DarkModeApp", "DarkModeApp\DarkModeApp.csproj", "{6322DB36-D1B1-4F1E-92E3-F4196CBACB2D}"
EndProject
Global
	GlobalSection(SolutionConfigurationPlatforms) = preSolution
		Debug|Any CPU = Debug|Any CPU
		Debug|ARM = Debug|ARM
		Debug|iPhone = Debug|iPhone
		Debug|iPhoneSimulator = Debug|iPhoneSimulator
		Debug|x64 = Debug|x64
		Debug|x86 = Debug|x86
		Release|Any CPU = Release|Any CPU
		Release|ARM = Release|ARM
		Release|iPhone = Release|iPhone
		Release|iPhoneSimulator = Release|iPhoneSimulator
		Release|x64 = Release|x64
		Release|x86 = Release|x86
	EndGlobalSection
	GlobalSection(ProjectConfigurationPlatforms) = postSolution
		{344CE285-DDE4-41C0-88CB-2351B47A696B}.Debug|Any CPU.ActiveCfg = Debug|x86
		{344CE285-DDE4-41C0-88CB-2351B47A696B}.Debug|Any CPU.Build.0 = Debug|x86
		{344CE285-DDE4-41C0-88CB-2351B47A696B}.Debug|Any CPU.Deploy.0 = Debug|x86
		{344CE285-DDE4-41C0-88CB-2351B47A696B}.Debug|ARM.ActiveCfg = Debug|ARM
		{344CE285-DDE4-41C0-88CB-2351B47A696B}.Debug|ARM.Build.0 = Debug|ARM
		{344CE285-DDE4-41C0-88CB-2351B47A696B}.Debug|ARM.Deploy.0 = Debug|ARM
		{344CE285-DDE4-41C0-88CB-2351B47A696B}.Debug|iPhone.ActiveCfg = Debug|x86
		{344CE285-DDE4-41C0-88CB-2351B47A696B}.Debug|iPhone.Build.0 = Debug|x86
		{344CE285-DDE4-41C0-88CB-2351B47A696B}.Debug|iPhone.Deploy.0 = Debug|x86
		{344CE285-DDE4-41C0-88CB-2351B47A696B}.Debug|iPhoneSimulator.ActiveCfg = Debug|x86
		{344CE285-DDE4-41C0-88CB-2351B47A696B}.Debug|iPhoneSimulator.Build.0 = Debug|x86
		{344CE285-DDE4-41C0-88CB-2351B47A696B}.Debug|iPhoneSimulator.Deploy.0 = Debug|x86
		{344CE285-DDE4-41C0-88CB-2351B47A696B}.Debug|x64.ActiveCfg = Debug|x64
		{344CE285-DDE4-41C0-88CB-2351B47A696B}.Debug|x64.Build.0 = Debug|x64
		{344CE285-DDE4-41C0-88CB-2351B47A696B}.Debug|x64.Deploy.0 = Debug|x64
		{344CE285-DDE4-41C0-88CB-2351B47A696B}.Debug|x86.ActiveCfg = Debug|x86
		{344CE285-DDE4-41C0-88CB-2351B47A696B}.Debug|x86.Build.0 = Debug|x86
		{344CE285-DDE4-41C0-88CB-2351B47A696B}.Debug|x86.Deploy.0 = Debug|x86
		{344CE285-DDE4-41C0-88CB-2351B47A696B}.Release|Any CPU.ActiveCfg = Release|x86
		{344CE285-DDE4-41C0-88CB-2351B47A696B}.Release|Any CPU.Build.0 = Release|x86
		{344CE285-DDE4-41C0-88CB-2351B47A696B}.Release|Any CPU.Deploy.0 = Release|x86
		{344CE285-DDE4-41C0-88CB-2351B47A696B}.Release|ARM.ActiveCfg = Release|ARM
		{344CE285-DDE4-41C0-88CB-2351B47A696B}.Release|ARM.Build.0 = Release|ARM
		{344CE285-DDE4-41C0-88CB-2351B47A696B}.Release|ARM.Deploy.0 = Release|ARM
		{344CE285-DDE4-41C0-88CB-2351B47A696B}.Release|iPhone.ActiveCfg = Release|x86
		{344CE285-DDE4-41C0-88CB-2351B47A696B}.Release|iPhone.Build.0 = Release|x86
		{344CE285-DDE4-41C0-88CB-2351B47A696B}.Release|iPhone.Deploy.0 = Release|x86
		{344CE285-DDE4-41C0-88CB-2351B47A696B}.Release|iPhoneSimulator.ActiveCfg = Release|x86
		{344CE285-DDE4-41C0-88CB-2351B47A696B}.Release|iPhoneSimulator.Build.0 = Release|x86
		{344CE285-DDE4-41C0-88CB-2351B47A696B}.Release|iPhoneSimulator.Deploy.0 = Release|x86
		{344CE285-DDE4-41C0-88CB-2351B47A696B}.Release|x64.ActiveCfg = Release|x64
		{344CE285-DDE4-41C0-88CB-2351B47A696B}.Release|x64.Build.0 = Release|x64
		{344CE285-DDE4-41C0-88CB-2351B47A696B}.Release|x64.Deploy.0 = Release|x64
		{344CE285-DDE4-41C0-88CB-2351B47A696B}.Release|x86.ActiveCfg = Release|x86
		{344CE285-DDE4-41C0-88CB-2351B47A696B}.Release|x86.Build.0 = Release|x86
		{344CE285-DDE4-41C0-88CB-2351B47A696B}.Release|x86.Deploy.0 = Release|x86
		{A3462AD5-CE0C-46BF-9732-67B4E69FE3D9}.Debug|Any CPU.ActiveCfg = Debug|iPhone
		{A3462AD5-CE0C-46BF-9732-67B4E69FE3D9}.Debug|Any CPU.Build.0 = Debug|iPhone
		{A3462AD5-CE0C-46BF-9732-67B4E69FE3D9}.Debug|Any CPU.Deploy.0 = Debug|iPhone
		{A3462AD5-CE0C-46BF-9732-67B4E69FE3D9}.Debug|ARM.ActiveCfg = Debug|iPhone
		{A3462AD5-CE0C-46BF-9732-67B4E69FE3D9}.Debug|ARM.Build.0 = Debug|iPhone
		{A3462AD5-CE0C-46BF-9732-67B4E69FE3D9}.Debug|ARM.Deploy.0 = Debug|iPhone
		{A3462AD5-CE0C-46BF-9732-67B4E69FE3D9}.Debug|iPhone.ActiveCfg = Debug|iPhone
		{A3462AD5-CE0C-46BF-9732-67B4E69FE3D9}.Debug|iPhone.Build.0 = Debug|iPhone
		{A3462AD5-CE0C-46BF-9732-67B4E69FE3D9}.Debug|iPhone.Deploy.0 = Debug|iPhone
		{A3462AD5-CE0C-46BF-9732-67B4E69FE3D9}.Debug|iPhoneSimulator.ActiveCfg = Debug|iPhoneSimulator
		{A3462AD5-CE0C-46BF-9732-67B4E69FE3D9}.Debug|iPhoneSimulator.Build.0 = Debug|iPhoneSimulator
		{A3462AD5-CE0C-46BF-9732-67B4E69FE3D9}.Debug|iPhoneSimulator.Deploy.0 = Debug|iPhoneSimulator
		{A3462AD5-CE0C-46BF-9732-67B4E69FE3D9}.Debug|x64.ActiveCfg = Debug|iPhone
		{A3462AD5-CE0C-46BF-9732-67B4E69FE3D9}.Debug|x64.Build.0 = Debug|iPhone
		{A3462AD5-CE0C-46BF-9732-67B4E69FE3D9}.Debug|x64.Deploy.0 = Debug|iPhone
		{A3462AD5-CE0C-46BF-9732-67B4E69FE3D9}.Debug|x86.ActiveCfg = Debug|iPhone
		{A3462AD5-CE0C-46BF-9732-67B4E69FE3D9}.Debug|x86.Build.0 = Debug|iPhone
		{A3462AD5-CE0C-46BF-9732-67B4E69FE3D9}.Debug|x86.Deploy.0 = Debug|iPhone
		{A3462AD5-CE0C-46BF-9732-67B4E69FE3D9}.Release|Any CPU.ActiveCfg = Release|iPhone
		{A3462AD5-CE0C-46BF-9732-67B4E69FE3D9}.Release|Any CPU.Build.0 = Release|iPhone
		{A3462AD5-CE0C-46BF-9732-67B4E69FE3D9}.Release|Any CPU.Deploy.0 = Release|iPhone
		{A3462AD5-CE0C-46BF-9732-67B4E69FE3D9}.Release|ARM.ActiveCfg = Release|iPhone
		{A3462AD5-CE0C-46BF-9732-67B4E69FE3D9}.Release|ARM.Build.0 = Release|iPhone
		{A3462AD5-CE0C-46BF-9732-67B4E69FE3D9}.Release|ARM.Deploy.0 = Release|iPhone
		{A3462AD5-CE0C-46BF-9732-67B4E69FE3D9}.Release|iPhone.ActiveCfg = Release|iPhone
		{A3462AD5-CE0C-46BF-9732-67B4E69FE3D9}.Release|iPhone.Build.0 = Release|iPhone
		{A3462AD5-CE0C-46BF-9732-67B4E69FE3D9}.Release|iPhone.Deploy.0 = Release|iPhone
		{A3462AD5-CE0C-46BF-9732-67B4E69FE3D9}.Release|iPhoneSimulator.ActiveCfg = Release|iPhoneSimulator
		{A3462AD5-CE0C-46BF-9732-67B4E69FE3D9}.Release|iPhoneSimulator.Build.0 = Release|iPhoneSimulator
		{A3462AD5-CE0C-46BF-9732-67B4E69FE3D9}.Release|iPhoneSimulator.Deploy.0 = Release|iPhoneSimulator
		{A3462AD5-CE0C-46BF-9732-67B4E69FE3D9}.Release|x64.ActiveCfg = Release|iPhone
		{A3462AD5-CE0C-46BF-9732-67B4E69FE3D9}.Release|x64.Build.0 = Release|iPhone
		{A3462AD5-CE0C-46BF-9732-67B4E69FE3D9}.Release|x64.Deploy.0 = Release|iPhone
		{A3462AD5-CE0C-46BF-9732-67B4E69FE3D9}.Release|x86.ActiveCfg = Release|iPhone
		{A3462AD5-CE0C-46BF-9732-67B4E69FE3D9}.Release|x86.Build.0 = Release|iPhone
		{A3462AD5-CE0C-46BF-9732-67B4E69FE3D9}.Release|x86.Deploy.0 = Release|iPhone
		{6322DB36-D1B1-4F1E-92E3-F4196CBACB2D}.Debug|Any CPU.ActiveCfg = Debug|Any CPU
		{6322DB36-D1B1-4F1E-92E3-F4196CBACB2D}.Debug|Any CPU.Build.0 = Debug|Any CPU
		{6322DB36-D1B1-4F1E-92E3-F4196CBACB2D}.Debug|Any CPU.Deploy.0 = Debug|Any CPU
		{6322DB36-D1B1-4F1E-92E3-F4196CBACB2D}.Debug|ARM.ActiveCfg = Debug|Any CPU
		{6322DB36-D1B1-4F1E-92E3-F4196CBACB2D}.Debug|ARM.Build.0 = Debug|Any CPU
		{6322DB36-D1B1-4F1E-92E3-F4196CBACB2D}.Debug|ARM.Deploy.0 = Debug|Any CPU
		{6322DB36-D1B1-4F1E-92E3-F4196CBACB2D}.Debug|iPhone.ActiveCfg = Debug|Any CPU
		{6322DB36-D1B1-4F1E-92E3-F4196CBACB2D}.Debug|iPhone.Build.0 = Debug|Any CPU
		{6322DB36-D1B1-4F1E-92E3-F4196CBACB2D}.Debug|iPhone.Deploy.0 = Debug|Any CPU
		{6322DB36-D1B1-4F1E-92E3-F4196CBACB2D}.Debug|iPhoneSimulator.ActiveCfg = Debug|Any CPU
		{6322DB36-D1B1-4F1E-92E3-F4196CBACB2D}.Debug|iPhoneSimulator.Build.0 = Debug|Any CPU
		{6322DB36-D1B1-4F1E-92E3-F4196CBACB2D}.Debug|iPhoneSimulator.Deploy.0 = Debug|Any CPU
		{6322DB36-D1B1-4F1E-92E3-F4196CBACB2D}.Debug|x64.ActiveCfg = Debug|Any CPU
		{6322DB36-D1B1-4F1E-92E3-F4196CBACB2D}.Debug|x64.Build.0 = Debug|Any CPU
		{6322DB36-D1B1-4F1E-92E3-F4196CBACB2D}.Debug|x64.Deploy.0 = Debug|Any CPU
		{6322DB36-D1B1-4F1E-92E3-F4196CBACB2D}.Debug|x86.ActiveCfg = Debug|Any CPU
		{6322DB36-D1B1-4F1E-92E3-F4196CBACB2D}.Debug|x86.Build.0 = Debug|Any CPU
		{6322DB36-D1B1-4F1E-92E3-F4196CBACB2D}.Debug|x86.Deploy.0 = Debug|Any CPU
		{6322DB36-D1B1-4F1E-92E3-F4196CBACB2D}.Release|Any CPU.ActiveCfg = Release|Any CPU
		{6322DB36-D1B1-4F1E-92E3-F4196CBACB2D}.Release|Any CPU.Build.0 = Release|Any CPU
		{6322DB36-D1B1-4F1E-92E3-F4196CBACB2D}.Release|Any CPU.Deploy.0 = Release|Any CPU
		{6322DB36-D1B1-4F1E-92E3-F4196CBACB2D}.Release|ARM.ActiveCfg = Release|Any CPU
		{6322DB36-D1B1-4F1E-92E3-F4196CBACB2D}.Release|ARM.Build.0 = Release|Any CPU
		{6322DB36-D1B1-4F1E-92E3-F4196CBACB2D}.Release|ARM.Deploy.0 = Release|Any CPU
		{6322DB36-D1B1-4F1E-92E3-F4196CBACB2D}.Release|iPhone.ActiveCfg = Release|Any CPU
		{6322DB36-D1B1-4F1E-92E3-F4196CBACB2D}.Release|iPhone.Build.0 = Release|Any CPU
		{6322DB36-D1B1-4F1E-92E3-F4196CBACB2D}.Release|iPhone.Deploy.0 = Release|Any CPU
		{6322DB36-D1B1-4F1E-92E3-F4196CBACB2D}.Release|iPhoneSimulator.ActiveCfg = Release|Any CPU
		{6322DB36-D1B1-4F1E-92E3-F4196CBACB2D}.Release|iPhoneSimulator.Build.0 = Release|Any CPU
		{6322DB36-D1B1-4F1E-92E3-F4196CBACB2D}.Release|iPhoneSimulator.Deploy.0 = Release|Any CPU
		{6322DB36-D1B1-4F1E-92E3-F4196CBACB2D}.Release|x64.ActiveCfg = Release|Any CPU
		{6322DB36-D1B1-4F1E-92E3-F4196CBACB2D}.Release|x64.Build.0 = Release|Any CPU
		{6322DB36-D1B1-4F1E-92E3-F4196CBACB2D}.Release|x64.Deploy.0 = Release|Any CPU
		{6322DB36-D1B1-4F1E-92E3-F4196CBACB2D}.Release|x86.ActiveCfg = Release|Any CPU
		{6322DB36-D1B1-4F1E-92E3-F4196CBACB2D}.Release|x86.Build.0 = Release|Any CPU
		{6322DB36-D1B1-4F1E-92E3-F4196CBACB2D}.Release|x86.Deploy.0 = Release|Any CPU
	EndGlobalSection
	GlobalSection(SolutionProperties) = preSolution
		HideSolutionNode = FALSE
	EndGlobalSection
	GlobalSection(ExtensibilityGlobals) = postSolution
		SolutionGuid = {36BB44FA-4A75-4E10-A01F-BD50AE1EA004}
	EndGlobalSection
EndGlobal
